<?xml version="1.0" encoding="UTF-8" standalone="yes" ?>
<CodeBlocks_project_file>
	<FileVersion major="1" minor="6" />
	<Project>
		<Option title="clp" />
		<Option pch_mode="2" />
		<Option compiler="gcc" />
		<Build>
			<Target title="Debug">
				<Option output="build/libclp" prefix_auto="1" extension_auto="1" />
				<Option object_output="build/ob/" />
				<Option type="3" />
				<Option compiler="gnu_gcc_compiler_cygwin" />
				<Option createDefFile="1" />
				<Option createStaticLib="1" />
				<Compiler>
					<Add option="-O3" />
					<Add option="-pedantic-errors" />
					<Add option="-Wall" />
					<Add option="-pipe" />
					<Add option="-Wparentheses" />
					<Add option="-Wsequence-point" />
					<Add option="-Wreturn-type" />
					<Add option="-Wcast-qual" />
					<Add option="-Wno-unknown-pragmas" />
					<Add option="-Wno-long-long" />
					<Add option="-DHAVE_CONFIG_H" />
					<Add option="-DCOINUTILS_BUILD" />
					<Add option="-DNDEBUG" />
					<Add option="-DABC_INHERIT" />
					<Add option="-DCLP_HAS_ABC" />
					<Add option="-DCOIN_HAS_CHOLMOD" />
					<Add option="-DCOIN_HAS_CLP" />
					<Add option="-DHAVE_CFLOAT" />
					<Add option="-DHAVE_CMATH" />
					<Add option="-DHAVE_IEEEFPH" />
					<Add directory="src/" />
					<Add directory="src/clp" />
					<Add directory="src/clp/OsiClp/" />
					<Add directory="src/coinutils" />
					<Add directory="src/osi/Osi" />
					<Add directory="../mumps/src/include" />
					<Add directory="../mumps/src/libseq" />
				</Compiler>
				<Linker>
					<Add option="-lbz2" />
					<Add option="-lz" />
					<Add option="-llapack1" />
					<Add option="-lblas1" />
					<Add option="-lmumps" />
					<Add option="-lm" />
					<Add option="-lcholmod" />
					<Add option="-lgfortran" />
					<Add directory="../blas/build" />
					<Add directory="../clp-coinutils/build" />
					<Add directory="../clp-osi/build" />
					<Add directory="../mumps/build" />
					<Add directory="../lapack/build" />
				</Linker>
			</Target>
		</Build>
		<Compiler>
			<Add option="-Wall" />
		</Compiler>
		<Unit filename="src/clp/AbcCommon.hpp" />
		<Unit filename="src/clp/AbcDualRowDantzig.cpp" />
		<Unit filename="src/clp/AbcDualRowDantzig.hpp" />
		<Unit filename="src/clp/AbcDualRowPivot.cpp" />
		<Unit filename="src/clp/AbcDualRowPivot.hpp" />
		<Unit filename="src/clp/AbcDualRowSteepest.cpp" />
		<Unit filename="src/clp/AbcDualRowSteepest.hpp" />
		<Unit filename="src/clp/AbcMatrix.cpp" />
		<Unit filename="src/clp/AbcMatrix.hpp" />
		<Unit filename="src/clp/AbcNonLinearCost.cpp" />
		<Unit filename="src/clp/AbcNonLinearCost.hpp" />
		<Unit filename="src/clp/AbcPrimalColumnDantzig.cpp" />
		<Unit filename="src/clp/AbcPrimalColumnDantzig.hpp" />
		<Unit filename="src/clp/AbcPrimalColumnPivot.cpp" />
		<Unit filename="src/clp/AbcPrimalColumnPivot.hpp" />
		<Unit filename="src/clp/AbcPrimalColumnSteepest.cpp" />
		<Unit filename="src/clp/AbcPrimalColumnSteepest.hpp" />
		<Unit filename="src/clp/AbcSimplex.cpp" />
		<Unit filename="src/clp/AbcSimplex.hpp" />
		<Unit filename="src/clp/AbcSimplexDual.cpp" />
		<Unit filename="src/clp/AbcSimplexDual.hpp" />
		<Unit filename="src/clp/AbcSimplexFactorization.cpp" />
		<Unit filename="src/clp/AbcSimplexFactorization.hpp" />
		<Unit filename="src/clp/AbcSimplexParallel.cpp" />
		<Unit filename="src/clp/AbcSimplexPrimal.cpp" />
		<Unit filename="src/clp/AbcSimplexPrimal.hpp" />
		<Unit filename="src/clp/AbcWarmStart.cpp" />
		<Unit filename="src/clp/AbcWarmStart.hpp" />
		<Unit filename="src/clp/CbcOrClpParam.cpp" />
		<Unit filename="src/clp/CbcOrClpParam.hpp" />
		<Unit filename="src/clp/ClpCholeskyBase.cpp" />
		<Unit filename="src/clp/ClpCholeskyBase.hpp" />
		<Unit filename="src/clp/ClpCholeskyDense.cpp" />
		<Unit filename="src/clp/ClpCholeskyDense.hpp" />
		<Unit filename="src/clp/ClpCholeskyMumps.cpp" />
		<Unit filename="src/clp/ClpCholeskyMumps.hpp" />
		<Unit filename="src/clp/ClpCholeskyTaucs.cpp" />
		<Unit filename="src/clp/ClpCholeskyTaucs.hpp" />
		<Unit filename="src/clp/ClpCholeskyUfl.cpp" />
		<Unit filename="src/clp/ClpCholeskyUfl.hpp" />
		<Unit filename="src/clp/ClpCholeskyWssmp.cpp">
			<Option compile="0" />
			<Option link="0" />
		</Unit>
		<Unit filename="src/clp/ClpCholeskyWssmp.hpp" />
		<Unit filename="src/clp/ClpCholeskyWssmpKKT.cpp">
			<Option compile="0" />
			<Option link="0" />
		</Unit>
		<Unit filename="src/clp/ClpCholeskyWssmpKKT.hpp" />
		<Unit filename="src/clp/ClpConfig.h" />
		<Unit filename="src/clp/ClpConstraint.cpp" />
		<Unit filename="src/clp/ClpConstraint.hpp" />
		<Unit filename="src/clp/ClpConstraintLinear.cpp" />
		<Unit filename="src/clp/ClpConstraintLinear.hpp" />
		<Unit filename="src/clp/ClpConstraintQuadratic.cpp" />
		<Unit filename="src/clp/ClpConstraintQuadratic.hpp" />
		<Unit filename="src/clp/ClpDualRowDantzig.cpp" />
		<Unit filename="src/clp/ClpDualRowDantzig.hpp" />
		<Unit filename="src/clp/ClpDualRowPivot.cpp" />
		<Unit filename="src/clp/ClpDualRowPivot.hpp" />
		<Unit filename="src/clp/ClpDualRowSteepest.cpp" />
		<Unit filename="src/clp/ClpDualRowSteepest.hpp" />
		<Unit filename="src/clp/ClpDummyMatrix.cpp" />
		<Unit filename="src/clp/ClpDummyMatrix.hpp" />
		<Unit filename="src/clp/ClpDynamicExampleMatrix.cpp" />
		<Unit filename="src/clp/ClpDynamicExampleMatrix.hpp" />
		<Unit filename="src/clp/ClpDynamicMatrix.cpp" />
		<Unit filename="src/clp/ClpDynamicMatrix.hpp" />
		<Unit filename="src/clp/ClpEventHandler.cpp" />
		<Unit filename="src/clp/ClpEventHandler.hpp" />
		<Unit filename="src/clp/ClpFactorization.cpp" />
		<Unit filename="src/clp/ClpFactorization.hpp" />
		<Unit filename="src/clp/ClpGubDynamicMatrix.cpp" />
		<Unit filename="src/clp/ClpGubDynamicMatrix.hpp" />
		<Unit filename="src/clp/ClpGubMatrix.cpp" />
		<Unit filename="src/clp/ClpGubMatrix.hpp" />
		<Unit filename="src/clp/ClpHelperFunctions.cpp" />
		<Unit filename="src/clp/ClpHelperFunctions.hpp" />
		<Unit filename="src/clp/ClpInterior.cpp" />
		<Unit filename="src/clp/ClpInterior.hpp" />
		<Unit filename="src/clp/ClpLinearObjective.cpp" />
		<Unit filename="src/clp/ClpLinearObjective.hpp" />
		<Unit filename="src/clp/ClpLsqr.cpp" />
		<Unit filename="src/clp/ClpLsqr.hpp" />
		<Unit filename="src/clp/ClpMain.cpp" />
		<Unit filename="src/clp/ClpMatrixBase.cpp" />
		<Unit filename="src/clp/ClpMatrixBase.hpp" />
		<Unit filename="src/clp/ClpMessage.cpp" />
		<Unit filename="src/clp/ClpMessage.hpp" />
		<Unit filename="src/clp/ClpModel.cpp" />
		<Unit filename="src/clp/ClpModel.hpp" />
		<Unit filename="src/clp/ClpNetworkBasis.cpp" />
		<Unit filename="src/clp/ClpNetworkBasis.hpp" />
		<Unit filename="src/clp/ClpNetworkMatrix.cpp" />
		<Unit filename="src/clp/ClpNetworkMatrix.hpp" />
		<Unit filename="src/clp/ClpNode.cpp" />
		<Unit filename="src/clp/ClpNode.hpp" />
		<Unit filename="src/clp/ClpNonLinearCost.cpp" />
		<Unit filename="src/clp/ClpNonLinearCost.hpp" />
		<Unit filename="src/clp/ClpObjective.cpp" />
		<Unit filename="src/clp/ClpObjective.hpp" />
		<Unit filename="src/clp/ClpPackedMatrix.cpp" />
		<Unit filename="src/clp/ClpPackedMatrix.hpp" />
		<Unit filename="src/clp/ClpParameters.hpp" />
		<Unit filename="src/clp/ClpPdco.cpp" />
		<Unit filename="src/clp/ClpPdco.hpp" />
		<Unit filename="src/clp/ClpPdcoBase.cpp" />
		<Unit filename="src/clp/ClpPdcoBase.hpp" />
		<Unit filename="src/clp/ClpPlusMinusOneMatrix.cpp" />
		<Unit filename="src/clp/ClpPlusMinusOneMatrix.hpp" />
		<Unit filename="src/clp/ClpPredictorCorrector.cpp" />
		<Unit filename="src/clp/ClpPredictorCorrector.hpp" />
		<Unit filename="src/clp/ClpPresolve.cpp" />
		<Unit filename="src/clp/ClpPresolve.hpp" />
		<Unit filename="src/clp/ClpPrimalColumnDantzig.cpp" />
		<Unit filename="src/clp/ClpPrimalColumnDantzig.hpp" />
		<Unit filename="src/clp/ClpPrimalColumnPivot.cpp" />
		<Unit filename="src/clp/ClpPrimalColumnPivot.hpp" />
		<Unit filename="src/clp/ClpPrimalColumnSteepest.cpp" />
		<Unit filename="src/clp/ClpPrimalColumnSteepest.hpp" />
		<Unit filename="src/clp/ClpPrimalQuadraticDantzig.hpp" />
		<Unit filename="src/clp/ClpQuadraticObjective.cpp" />
		<Unit filename="src/clp/ClpQuadraticObjective.hpp" />
		<Unit filename="src/clp/ClpSimplex.cpp" />
		<Unit filename="src/clp/ClpSimplex.hpp" />
		<Unit filename="src/clp/ClpSimplexDual.cpp" />
		<Unit filename="src/clp/ClpSimplexDual.hpp" />
		<Unit filename="src/clp/ClpSimplexNonlinear.cpp" />
		<Unit filename="src/clp/ClpSimplexNonlinear.hpp" />
		<Unit filename="src/clp/ClpSimplexOther.cpp" />
		<Unit filename="src/clp/ClpSimplexOther.hpp" />
		<Unit filename="src/clp/ClpSimplexPrimal.cpp" />
		<Unit filename="src/clp/ClpSimplexPrimal.hpp" />
		<Unit filename="src/clp/ClpSolve.cpp" />
		<Unit filename="src/clp/ClpSolve.hpp" />
		<Unit filename="src/clp/ClpSolver.cpp" />
		<Unit filename="src/clp/Clp_C_Interface.cpp" />
		<Unit filename="src/clp/Clp_C_Interface.h" />
		<Unit filename="src/clp/Clp_ampl.cpp" />
		<Unit filename="src/clp/Clp_ampl.h" />
		<Unit filename="src/clp/CoinAbcBaseFactorization.hpp" />
		<Unit filename="src/clp/CoinAbcBaseFactorization1.cpp" />
		<Unit filename="src/clp/CoinAbcBaseFactorization2.cpp" />
		<Unit filename="src/clp/CoinAbcBaseFactorization3.cpp" />
		<Unit filename="src/clp/CoinAbcBaseFactorization4.cpp" />
		<Unit filename="src/clp/CoinAbcBaseFactorization5.cpp" />
		<Unit filename="src/clp/CoinAbcCommon.hpp" />
		<Unit filename="src/clp/CoinAbcCommonFactorization.hpp" />
		<Unit filename="src/clp/CoinAbcDenseFactorization.cpp" />
		<Unit filename="src/clp/CoinAbcDenseFactorization.hpp" />
		<Unit filename="src/clp/CoinAbcFactorization.hpp" />
		<Unit filename="src/clp/CoinAbcFactorization1.cpp" />
		<Unit filename="src/clp/CoinAbcFactorization2.cpp" />
		<Unit filename="src/clp/CoinAbcFactorization3.cpp" />
		<Unit filename="src/clp/CoinAbcFactorization4.cpp" />
		<Unit filename="src/clp/CoinAbcFactorization5.cpp" />
		<Unit filename="src/clp/CoinAbcHelperFunctions.cpp" />
		<Unit filename="src/clp/CoinAbcHelperFunctions.hpp" />
		<Unit filename="src/clp/CoinAbcOrderedFactorization1.cpp" />
		<Unit filename="src/clp/CoinAbcOrderedFactorization2.cpp" />
		<Unit filename="src/clp/CoinAbcOrderedFactorization3.cpp" />
		<Unit filename="src/clp/CoinAbcOrderedFactorization4.cpp" />
		<Unit filename="src/clp/CoinAbcOrderedFactorization5.cpp" />
		<Unit filename="src/clp/CoinAbcSmallFactorization1.cpp" />
		<Unit filename="src/clp/CoinAbcSmallFactorization2.cpp" />
		<Unit filename="src/clp/CoinAbcSmallFactorization3.cpp" />
		<Unit filename="src/clp/CoinAbcSmallFactorization4.cpp" />
		<Unit filename="src/clp/CoinAbcSmallFactorization5.cpp" />
		<Unit filename="src/clp/IdiSolve.cpp" />
		<Unit filename="src/clp/Idiot.cpp" />
		<Unit filename="src/clp/Idiot.hpp" />
		<Unit filename="src/clp/MyEventHandler.cpp" />
		<Unit filename="src/clp/MyEventHandler.hpp" />
		<Unit filename="src/clp/MyMessageHandler.cpp" />
		<Unit filename="src/clp/MyMessageHandler.hpp" />
		<Unit filename="src/clp/OsiClp/OsiClpSolverInterface.cpp" />
		<Unit filename="src/clp/OsiClp/OsiClpSolverInterface.hpp" />
		<Unit filename="src/clp/config.h" />
		<Unit filename="src/clp/config_clp.h" />
		<Unit filename="src/clp/config_clp_default.h" />
		<Unit filename="src/clp/config_default.h" />
		<Unit filename="src/clp/unitTest.cpp" />
		<Unit filename="src/coinutils/CoinAlloc.cpp" />
		<Unit filename="src/coinutils/CoinAlloc.hpp" />
		<Unit filename="src/coinutils/CoinBuild.cpp" />
		<Unit filename="src/coinutils/CoinBuild.hpp" />
		<Unit filename="src/coinutils/CoinDenseFactorization.cpp" />
		<Unit filename="src/coinutils/CoinDenseFactorization.hpp" />
		<Unit filename="src/coinutils/CoinDenseVector.cpp" />
		<Unit filename="src/coinutils/CoinDenseVector.hpp" />
		<Unit filename="src/coinutils/CoinDistance.hpp" />
		<Unit filename="src/coinutils/CoinError.cpp" />
		<Unit filename="src/coinutils/CoinError.hpp" />
		<Unit filename="src/coinutils/CoinFactorization.hpp" />
		<Unit filename="src/coinutils/CoinFactorization1.cpp" />
		<Unit filename="src/coinutils/CoinFactorization2.cpp" />
		<Unit filename="src/coinutils/CoinFactorization3.cpp" />
		<Unit filename="src/coinutils/CoinFactorization4.cpp" />
		<Unit filename="src/coinutils/CoinFileIO.cpp" />
		<Unit filename="src/coinutils/CoinFileIO.hpp" />
		<Unit filename="src/coinutils/CoinFinite.cpp" />
		<Unit filename="src/coinutils/CoinFinite.hpp" />
		<Unit filename="src/coinutils/CoinFloatEqual.hpp" />
		<Unit filename="src/coinutils/CoinHelperFunctions.hpp" />
		<Unit filename="src/coinutils/CoinIndexedVector.cpp" />
		<Unit filename="src/coinutils/CoinIndexedVector.hpp" />
		<Unit filename="src/coinutils/CoinLpIO.cpp" />
		<Unit filename="src/coinutils/CoinLpIO.hpp" />
		<Unit filename="src/coinutils/CoinMessage.cpp" />
		<Unit filename="src/coinutils/CoinMessage.hpp" />
		<Unit filename="src/coinutils/CoinMessageHandler.cpp" />
		<Unit filename="src/coinutils/CoinMessageHandler.hpp" />
		<Unit filename="src/coinutils/CoinModel.cpp" />
		<Unit filename="src/coinutils/CoinModel.hpp" />
		<Unit filename="src/coinutils/CoinModelUseful.cpp" />
		<Unit filename="src/coinutils/CoinModelUseful.hpp" />
		<Unit filename="src/coinutils/CoinModelUseful2.cpp" />
		<Unit filename="src/coinutils/CoinMpsIO.cpp" />
		<Unit filename="src/coinutils/CoinMpsIO.hpp" />
		<Unit filename="src/coinutils/CoinOslC.h" />
		<Unit filename="src/coinutils/CoinOslFactorization.cpp" />
		<Unit filename="src/coinutils/CoinOslFactorization.hpp" />
		<Unit filename="src/coinutils/CoinOslFactorization2.cpp" />
		<Unit filename="src/coinutils/CoinOslFactorization3.cpp" />
		<Unit filename="src/coinutils/CoinPackedMatrix.cpp" />
		<Unit filename="src/coinutils/CoinPackedMatrix.hpp" />
		<Unit filename="src/coinutils/CoinPackedVector.cpp" />
		<Unit filename="src/coinutils/CoinPackedVector.hpp" />
		<Unit filename="src/coinutils/CoinPackedVectorBase.cpp" />
		<Unit filename="src/coinutils/CoinPackedVectorBase.hpp" />
		<Unit filename="src/coinutils/CoinParam.cpp" />
		<Unit filename="src/coinutils/CoinParam.hpp" />
		<Unit filename="src/coinutils/CoinParamUtils.cpp" />
		<Unit filename="src/coinutils/CoinPostsolveMatrix.cpp" />
		<Unit filename="src/coinutils/CoinPragma.hpp" />
		<Unit filename="src/coinutils/CoinPrePostsolveMatrix.cpp" />
		<Unit filename="src/coinutils/CoinPresolveDoubleton.cpp" />
		<Unit filename="src/coinutils/CoinPresolveDoubleton.hpp" />
		<Unit filename="src/coinutils/CoinPresolveDual.cpp" />
		<Unit filename="src/coinutils/CoinPresolveDual.hpp" />
		<Unit filename="src/coinutils/CoinPresolveDupcol.cpp" />
		<Unit filename="src/coinutils/CoinPresolveDupcol.hpp" />
		<Unit filename="src/coinutils/CoinPresolveEmpty.cpp" />
		<Unit filename="src/coinutils/CoinPresolveEmpty.hpp" />
		<Unit filename="src/coinutils/CoinPresolveFixed.cpp" />
		<Unit filename="src/coinutils/CoinPresolveFixed.hpp" />
		<Unit filename="src/coinutils/CoinPresolveForcing.cpp" />
		<Unit filename="src/coinutils/CoinPresolveForcing.hpp" />
		<Unit filename="src/coinutils/CoinPresolveHelperFunctions.cpp" />
		<Unit filename="src/coinutils/CoinPresolveImpliedFree.cpp" />
		<Unit filename="src/coinutils/CoinPresolveImpliedFree.hpp" />
		<Unit filename="src/coinutils/CoinPresolveIsolated.cpp" />
		<Unit filename="src/coinutils/CoinPresolveIsolated.hpp" />
		<Unit filename="src/coinutils/CoinPresolveMatrix.cpp" />
		<Unit filename="src/coinutils/CoinPresolveMatrix.hpp" />
		<Unit filename="src/coinutils/CoinPresolveMonitor.cpp" />
		<Unit filename="src/coinutils/CoinPresolveMonitor.hpp" />
		<Unit filename="src/coinutils/CoinPresolvePsdebug.cpp" />
		<Unit filename="src/coinutils/CoinPresolvePsdebug.hpp" />
		<Unit filename="src/coinutils/CoinPresolveSingleton.cpp" />
		<Unit filename="src/coinutils/CoinPresolveSingleton.hpp" />
		<Unit filename="src/coinutils/CoinPresolveSubst.cpp" />
		<Unit filename="src/coinutils/CoinPresolveSubst.hpp" />
		<Unit filename="src/coinutils/CoinPresolveTighten.cpp" />
		<Unit filename="src/coinutils/CoinPresolveTighten.hpp" />
		<Unit filename="src/coinutils/CoinPresolveTripleton.cpp" />
		<Unit filename="src/coinutils/CoinPresolveTripleton.hpp" />
		<Unit filename="src/coinutils/CoinPresolveUseless.cpp" />
		<Unit filename="src/coinutils/CoinPresolveUseless.hpp" />
		<Unit filename="src/coinutils/CoinPresolveZeros.cpp" />
		<Unit filename="src/coinutils/CoinPresolveZeros.hpp" />
		<Unit filename="src/coinutils/CoinRational.cpp" />
		<Unit filename="src/coinutils/CoinRational.hpp" />
		<Unit filename="src/coinutils/CoinSearchTree.cpp" />
		<Unit filename="src/coinutils/CoinSearchTree.hpp" />
		<Unit filename="src/coinutils/CoinShallowPackedVector.cpp" />
		<Unit filename="src/coinutils/CoinShallowPackedVector.hpp" />
		<Unit filename="src/coinutils/CoinSignal.hpp" />
		<Unit filename="src/coinutils/CoinSimpFactorization.cpp" />
		<Unit filename="src/coinutils/CoinSimpFactorization.hpp" />
		<Unit filename="src/coinutils/CoinSmartPtr.hpp" />
		<Unit filename="src/coinutils/CoinSnapshot.cpp" />
		<Unit filename="src/coinutils/CoinSnapshot.hpp" />
		<Unit filename="src/coinutils/CoinSort.hpp" />
		<Unit filename="src/coinutils/CoinStructuredModel.cpp" />
		<Unit filename="src/coinutils/CoinStructuredModel.hpp" />
		<Unit filename="src/coinutils/CoinTime.hpp" />
		<Unit filename="src/coinutils/CoinTypes.hpp" />
		<Unit filename="src/coinutils/CoinUtility.hpp" />
		<Unit filename="src/coinutils/CoinUtilsConfig.h" />
		<Unit filename="src/coinutils/CoinWarmStart.hpp" />
		<Unit filename="src/coinutils/CoinWarmStartBasis.cpp" />
		<Unit filename="src/coinutils/CoinWarmStartBasis.hpp" />
		<Unit filename="src/coinutils/CoinWarmStartDual.cpp" />
		<Unit filename="src/coinutils/CoinWarmStartDual.hpp" />
		<Unit filename="src/coinutils/CoinWarmStartPrimalDual.cpp" />
		<Unit filename="src/coinutils/CoinWarmStartPrimalDual.hpp" />
		<Unit filename="src/coinutils/CoinWarmStartVector.cpp" />
		<Unit filename="src/coinutils/CoinWarmStartVector.hpp" />
		<Unit filename="src/coinutils/Coin_C_defines.h" />
		<Unit filename="src/coinutils/config.h" />
		<Unit filename="src/coinutils/config_coinutils.h" />
		<Unit filename="src/coinutils/config_coinutils_default.h" />
		<Unit filename="src/coinutils/config_default.h" />
		<Unit filename="src/osi/Osi/OsiAuxInfo.cpp" />
		<Unit filename="src/osi/Osi/OsiAuxInfo.hpp" />
		<Unit filename="src/osi/Osi/OsiBranchingObject.cpp" />
		<Unit filename="src/osi/Osi/OsiBranchingObject.hpp" />
		<Unit filename="src/osi/Osi/OsiChooseVariable.cpp" />
		<Unit filename="src/osi/Osi/OsiChooseVariable.hpp" />
		<Unit filename="src/osi/Osi/OsiColCut.cpp" />
		<Unit filename="src/osi/Osi/OsiColCut.hpp" />
		<Unit filename="src/osi/Osi/OsiCollections.hpp" />
		<Unit filename="src/osi/Osi/OsiConfig.h" />
		<Unit filename="src/osi/Osi/OsiCut.cpp" />
		<Unit filename="src/osi/Osi/OsiCut.hpp" />
		<Unit filename="src/osi/Osi/OsiCuts.cpp" />
		<Unit filename="src/osi/Osi/OsiCuts.hpp" />
		<Unit filename="src/osi/Osi/OsiNames.cpp" />
		<Unit filename="src/osi/Osi/OsiPresolve.cpp" />
		<Unit filename="src/osi/Osi/OsiPresolve.hpp" />
		<Unit filename="src/osi/Osi/OsiRowCut.cpp" />
		<Unit filename="src/osi/Osi/OsiRowCut.hpp" />
		<Unit filename="src/osi/Osi/OsiRowCutDebugger.cpp" />
		<Unit filename="src/osi/Osi/OsiRowCutDebugger.hpp" />
		<Unit filename="src/osi/Osi/OsiSolverBranch.cpp" />
		<Unit filename="src/osi/Osi/OsiSolverBranch.hpp" />
		<Unit filename="src/osi/Osi/OsiSolverInterface.cpp" />
		<Unit filename="src/osi/Osi/OsiSolverInterface.hpp" />
		<Unit filename="src/osi/Osi/OsiSolverParameters.hpp" />
		<Unit filename="src/osi/Osi/config.h" />
		<Unit filename="src/osi/Osi/config_default.h" />
		<Unit filename="src/osi/Osi/config_osi.h" />
		<Unit filename="src/osi/Osi/config_osi_default.h" />
		<Extensions>
			<code_completion />
			<envvars />
			<debugger />
			<lib_finder disable_auto="1" />
		</Extensions>
	</Project>
</CodeBlocks_project_file>
